
Microsoft Visual Studio Solution File, Format Version 12.00
# Visual Studio Version 16
VisualStudioVersion = 16.0.30011.22
MinimumVisualStudioVersion = 10.0.40219.1
Project("{9A19103F-16F7-4668-BE54-9A1E7A4F7556}") = "http", "http\http.csproj", "{AD8BBA27-81A2-4916-AAB8-B74AD344FCC7}"
EndProject
Project("{9A19103F-16F7-4668-BE54-9A1E7A4F7556}") = "http.Tests", "http.Tests\http.Tests.csproj", "{15CC37C2-6915-439D-884E-B282F33BC249}"
EndProject
Project("{2150E333-8FDC-42A3-9474-1A3956D46DE8}") = "_SolutionFiles", "_SolutionFiles", "{971C2AF9-08AA-46B7-A7F7-3C723382CA27}"
	ProjectSection(SolutionItems) = preProject
		.editorconfig = .editorconfig
		.gitignore = .gitignore
		LICENSE.md = LICENSE.md
		README.md = README.md
	EndProjectSection
EndProject
Project("{2150E333-8FDC-42A3-9474-1A3956D46DE8}") = "Solution Items", "Solution Items", "{4EB7D784-06E4-4766-974B-5151DCEC4B37}"
	ProjectSection(SolutionItems) = preProject
		.editorconfig = .editorconfig
	EndProjectSection
EndProject
Global
	GlobalSection(SolutionConfigurationPlatforms) = preSolution
		Debug|Any CPU = Debug|Any CPU
		Release|Any CPU = Release|Any CPU
	EndGlobalSection
	GlobalSection(ProjectConfigurationPlatforms) = postSolution
		{AD8BBA27-81A2-4916-AAB8-B74AD344FCC7}.Debug|Any CPU.ActiveCfg = Debug|Any CPU
		{AD8BBA27-81A2-4916-AAB8-B74AD344FCC7}.Debug|Any CPU.Build.0 = Debug|Any CPU
		{AD8BBA27-81A2-4916-AAB8-B74AD344FCC7}.Release|Any CPU.ActiveCfg = Release|Any CPU
		{AD8BBA27-81A2-4916-AAB8-B74AD344FCC7}.Release|Any CPU.Build.0 = Release|Any CPU
		{15CC37C2-6915-439D-884E-B282F33BC249}.Debug|Any CPU.ActiveCfg = Debug|Any CPU
		{15CC37C2-6915-439D-884E-B282F33BC249}.Debug|Any CPU.Build.0 = Debug|Any CPU
		{15CC37C2-6915-439D-884E-B282F33BC249}.Release|Any CPU.ActiveCfg = Release|Any CPU
		{15CC37C2-6915-439D-884E-B282F33BC249}.Release|Any CPU.Build.0 = Release|Any CPU
	EndGlobalSection
	GlobalSection(SolutionProperties) = preSolution
		HideSolutionNode = FALSE
	EndGlobalSection
	GlobalSection(ExtensibilityGlobals) = postSolution
		SolutionGuid = {2BE9892F-CF22-40E4-BE79-CDEC452969C1}
	EndGlobalSection
EndGlobal
